
Microsoft Visual Studio Solution File, Format Version 12.00
# Visual Studio 15
VisualStudioVersion = 15.0.26124.0
MinimumVisualStudioVersion = 15.0.26124.0
Project("{FAE04EC0-301F-11D3-BF4B-00C04F79EFBC}") = "Consumer", "Consumer\Consumer.csproj", "{6938A347-2E59-4A6D-A86B-A3694C1363C7}"
EndProject
Project("{FAE04EC0-301F-11D3-BF4B-00C04F79EFBC}") = "Producer", "Producer\Producer.csproj", "{82546AE4-2A23-4E3F-8B4C-D448BE6A04FD}"
EndProject
Global
	GlobalSection(SolutionConfigurationPlatforms) = preSolution
		Debug|Any CPU = Debug|Any CPU
		Debug|x64 = Debug|x64
		Debug|x86 = Debug|x86
		Release|Any CPU = Release|Any CPU
		Release|x64 = Release|x64
		Release|x86 = Release|x86
	EndGlobalSection
	GlobalSection(SolutionProperties) = preSolution
		HideSolutionNode = FALSE
	EndGlobalSection
	GlobalSection(ProjectConfigurationPlatforms) = postSolution
		{6938A347-2E59-4A6D-A86B-A3694C1363C7}.Debug|Any CPU.ActiveCfg = Debug|Any CPU
		{6938A347-2E59-4A6D-A86B-A3694C1363C7}.Debug|Any CPU.Build.0 = Debug|Any CPU
		{6938A347-2E59-4A6D-A86B-A3694C1363C7}.Debug|x64.ActiveCfg = Debug|Any CPU
		{6938A347-2E59-4A6D-A86B-A3694C1363C7}.Debug|x64.Build.0 = Debug|Any CPU
		{6938A347-2E59-4A6D-A86B-A3694C1363C7}.Debug|x86.ActiveCfg = Debug|Any CPU
		{6938A347-2E59-4A6D-A86B-A3694C1363C7}.Debug|x86.Build.0 = Debug|Any CPU
		{6938A347-2E59-4A6D-A86B-A3694C1363C7}.Release|Any CPU.ActiveCfg = Release|Any CPU
		{6938A347-2E59-4A6D-A86B-A3694C1363C7}.Release|Any CPU.Build.0 = Release|Any CPU
		{6938A347-2E59-4A6D-A86B-A3694C1363C7}.Release|x64.ActiveCfg = Release|Any CPU
		{6938A347-2E59-4A6D-A86B-A3694C1363C7}.Release|x64.Build.0 = Release|Any CPU
		{6938A347-2E59-4A6D-A86B-A3694C1363C7}.Release|x86.ActiveCfg = Release|Any CPU
		{6938A347-2E59-4A6D-A86B-A3694C1363C7}.Release|x86.Build.0 = Release|Any CPU
		{82546AE4-2A23-4E3F-8B4C-D448BE6A04FD}.Debug|Any CPU.ActiveCfg = Debug|Any CPU
		{82546AE4-2A23-4E3F-8B4C-D448BE6A04FD}.Debug|Any CPU.Build.0 = Debug|Any CPU
		{82546AE4-2A23-4E3F-8B4C-D448BE6A04FD}.Debug|x64.ActiveCfg = Debug|Any CPU
		{82546AE4-2A23-4E3F-8B4C-D448BE6A04FD}.Debug|x64.Build.0 = Debug|Any CPU
		{82546AE4-2A23-4E3F-8B4C-D448BE6A04FD}.Debug|x86.ActiveCfg = Debug|Any CPU
		{82546AE4-2A23-4E3F-8B4C-D448BE6A04FD}.Debug|x86.Build.0 = Debug|Any CPU
		{82546AE4-2A23-4E3F-8B4C-D448BE6A04FD}.Release|Any CPU.ActiveCfg = Release|Any CPU
		{82546AE4-2A23-4E3F-8B4C-D448BE6A04FD}.Release|Any CPU.Build.0 = Release|Any CPU
		{82546AE4-2A23-4E3F-8B4C-D448BE6A04FD}.Release|x64.ActiveCfg = Release|Any CPU
		{82546AE4-2A23-4E3F-8B4C-D448BE6A04FD}.Release|x64.Build.0 = Release|Any CPU
		{82546AE4-2A23-4E3F-8B4C-D448BE6A04FD}.Release|x86.ActiveCfg = Release|Any CPU
		{82546AE4-2A23-4E3F-8B4C-D448BE6A04FD}.Release|x86.Build.0 = Release|Any CPU
	EndGlobalSection
EndGlobal
